
Microsoft Visual Studio Solution File, Format Version 12.00
# Visual Studio Version 17
VisualStudioVersion = 17.9.34607.119
MinimumVisualStudioVersion = 10.0.40219.1
Project("{FAE04EC0-301F-11D3-BF4B-00C04F79EFBC}") = "RapidPay.API", "RapidPay\RapidPay.API.csproj", "{9D73B597-3727-4242-95B8-F6395A0AB0DF}"
EndProject
Project("{FAE04EC0-301F-11D3-BF4B-00C04F79EFBC}") = "PaymentFees", "PaymentFees\PaymentFees.csproj", "{742EAB69-C764-47D2-9E05-DE85445CDF4E}"
EndProject
Project("{FAE04EC0-301F-11D3-BF4B-00C04F79EFBC}") = "Identity.JwtToken.API", "Identity.JwtToken.API\Identity.JwtToken.API.csproj", "{69142890-F676-438F-8501-867380B1DD04}"
EndProject
Global
	GlobalSection(SolutionConfigurationPlatforms) = preSolution
		Debug|Any CPU = Debug|Any CPU
		Release|Any CPU = Release|Any CPU
	EndGlobalSection
	GlobalSection(ProjectConfigurationPlatforms) = postSolution
		{9D73B597-3727-4242-95B8-F6395A0AB0DF}.Debug|Any CPU.ActiveCfg = Debug|Any CPU
		{9D73B597-3727-4242-95B8-F6395A0AB0DF}.Debug|Any CPU.Build.0 = Debug|Any CPU
		{9D73B597-3727-4242-95B8-F6395A0AB0DF}.Release|Any CPU.ActiveCfg = Release|Any CPU
		{9D73B597-3727-4242-95B8-F6395A0AB0DF}.Release|Any CPU.Build.0 = Release|Any CPU
		{742EAB69-C764-47D2-9E05-DE85445CDF4E}.Debug|Any CPU.ActiveCfg = Debug|Any CPU
		{742EAB69-C764-47D2-9E05-DE85445CDF4E}.Debug|Any CPU.Build.0 = Debug|Any CPU
		{742EAB69-C764-47D2-9E05-DE85445CDF4E}.Release|Any CPU.ActiveCfg = Release|Any CPU
		{742EAB69-C764-47D2-9E05-DE85445CDF4E}.Release|Any CPU.Build.0 = Release|Any CPU
		{69142890-F676-438F-8501-867380B1DD04}.Debug|Any CPU.ActiveCfg = Debug|Any CPU
		{69142890-F676-438F-8501-867380B1DD04}.Debug|Any CPU.Build.0 = Debug|Any CPU
		{69142890-F676-438F-8501-867380B1DD04}.Release|Any CPU.ActiveCfg = Release|Any CPU
		{69142890-F676-438F-8501-867380B1DD04}.Release|Any CPU.Build.0 = Release|Any CPU
	EndGlobalSection
	GlobalSection(SolutionProperties) = preSolution
		HideSolutionNode = FALSE
	EndGlobalSection
	GlobalSection(ExtensibilityGlobals) = postSolution
		SolutionGuid = {737454EB-7DC7-4179-A0E2-E64656E34ACA}
	EndGlobalSection
EndGlobal
